
Microsoft Visual Studio Solution File, Format Version 12.00
Project("{FAE04EC0-301F-11D3-BF4B-00C04F79EFBC}") = "ReceiptKeeper", "ReceiptKeeper.csproj", "{F1D22061-4260-4699-845A-416BD15489D1}"
EndProject
Global
	GlobalSection(SolutionConfigurationPlatforms) = preSolution
		Debug|Any CPU = Debug|Any CPU
		Release|Any CPU = Release|Any CPU
	EndGlobalSection
	GlobalSection(ProjectConfigurationPlatforms) = postSolution
		{F1D22061-4260-4699-845A-416BD15489D1}.Debug|Any CPU.ActiveCfg = Debug|Any CPU
		{F1D22061-4260-4699-845A-416BD15489D1}.Debug|Any CPU.Build.0 = Debug|Any CPU
		{F1D22061-4260-4699-845A-416BD15489D1}.Release|Any CPU.ActiveCfg = Release|Any CPU
		{F1D22061-4260-4699-845A-416BD15489D1}.Release|Any CPU.Build.0 = Release|Any CPU
	EndGlobalSection
EndGlobal
